
Microsoft Visual Studio Solution File, Format Version 12.00
# Visual Studio Version 18
VisualStudioVersion = 18.6.11716.218 insiders
MinimumVisualStudioVersion = 10.0.40219.1
Project("{FAE04EC0-301F-11D3-BF4B-00C04F79EFBC}") = "FrontDesktop", "Application\FrontDesktop.csproj", "{A463A779-5888-4E48-9CCD-1A2668A849B8}"
EndProject
Project("{FAE04EC0-301F-11D3-BF4B-00C04F79EFBC}") = "Model", "Model\Model.csproj", "{7230280A-CF03-4CFB-919E-33F12CB59D59}"
EndProject
Project("{FAE04EC0-301F-11D3-BF4B-00C04F79EFBC}") = "Data", "Data\Data.csproj", "{57C4F46A-CA44-427A-AEAC-0181F4A0EC87}"
EndProject
Project("{2150E333-8FDC-42A3-9474-1A3956D46DE8}") = "Scripts", "Scripts", "{02EA681E-C7D8-13C7-8484-4AC65E1B71E8}"
EndProject
Project("{2150E333-8FDC-42A3-9474-1A3956D46DE8}") = "Base", "Base", "{83D76F3A-D77E-4BCC-BFDB-14AFF65997C7}"
	ProjectSection(SolutionItems) = preProject
		poo_lab.sql = poo_lab.sql
	EndProjectSection
EndProject
Project("{2150E333-8FDC-42A3-9474-1A3956D46DE8}") = "Tabelas", "Tabelas", "{D89C1786-64CE-487F-BB78-436264B84E6D}"
	ProjectSection(SolutionItems) = preProject
		produto.sql = produto.sql
	EndProjectSection
EndProject
Project("{FAE04EC0-301F-11D3-BF4B-00C04F79EFBC}") = "TesteIntegrado", "TesteIntegrado\TesteIntegrado.csproj", "{AEE2240F-5385-41D8-BF09-D52FBDAFD990}"
EndProject
Project("{2150E333-8FDC-42A3-9474-1A3956D46DE8}") = "Itens de Solução", "Itens de Solução", "{C8C686BC-AADE-4557-9DD1-61CD8A1B2C40}"
	ProjectSection(SolutionItems) = preProject
		Banco.sql = Banco.sql
	EndProjectSection
EndProject
Global
	GlobalSection(SolutionConfigurationPlatforms) = preSolution
		Debug|Any CPU = Debug|Any CPU
		Release|Any CPU = Release|Any CPU
	EndGlobalSection
	GlobalSection(ProjectConfigurationPlatforms) = postSolution
		{A463A779-5888-4E48-9CCD-1A2668A849B8}.Debug|Any CPU.ActiveCfg = Debug|Any CPU
		{A463A779-5888-4E48-9CCD-1A2668A849B8}.Debug|Any CPU.Build.0 = Debug|Any CPU
		{A463A779-5888-4E48-9CCD-1A2668A849B8}.Release|Any CPU.ActiveCfg = Release|Any CPU
		{A463A779-5888-4E48-9CCD-1A2668A849B8}.Release|Any CPU.Build.0 = Release|Any CPU
		{7230280A-CF03-4CFB-919E-33F12CB59D59}.Debug|Any CPU.ActiveCfg = Debug|Any CPU
		{7230280A-CF03-4CFB-919E-33F12CB59D59}.Debug|Any CPU.Build.0 = Debug|Any CPU
		{7230280A-CF03-4CFB-919E-33F12CB59D59}.Release|Any CPU.ActiveCfg = Release|Any CPU
		{7230280A-CF03-4CFB-919E-33F12CB59D59}.Release|Any CPU.Build.0 = Release|Any CPU
		{57C4F46A-CA44-427A-AEAC-0181F4A0EC87}.Debug|Any CPU.ActiveCfg = Debug|Any CPU
		{57C4F46A-CA44-427A-AEAC-0181F4A0EC87}.Debug|Any CPU.Build.0 = Debug|Any CPU
		{57C4F46A-CA44-427A-AEAC-0181F4A0EC87}.Release|Any CPU.ActiveCfg = Release|Any CPU
		{57C4F46A-CA44-427A-AEAC-0181F4A0EC87}.Release|Any CPU.Build.0 = Release|Any CPU
		{AEE2240F-5385-41D8-BF09-D52FBDAFD990}.Debug|Any CPU.ActiveCfg = Debug|Any CPU
		{AEE2240F-5385-41D8-BF09-D52FBDAFD990}.Debug|Any CPU.Build.0 = Debug|Any CPU
		{AEE2240F-5385-41D8-BF09-D52FBDAFD990}.Release|Any CPU.ActiveCfg = Release|Any CPU
		{AEE2240F-5385-41D8-BF09-D52FBDAFD990}.Release|Any CPU.Build.0 = Release|Any CPU
	EndGlobalSection
	GlobalSection(SolutionProperties) = preSolution
		HideSolutionNode = FALSE
	EndGlobalSection
	GlobalSection(NestedProjects) = preSolution
		{83D76F3A-D77E-4BCC-BFDB-14AFF65997C7} = {02EA681E-C7D8-13C7-8484-4AC65E1B71E8}
		{D89C1786-64CE-487F-BB78-436264B84E6D} = {02EA681E-C7D8-13C7-8484-4AC65E1B71E8}
	EndGlobalSection
	GlobalSection(ExtensibilityGlobals) = postSolution
		SolutionGuid = {03C1B243-5287-4FAD-9640-306323012975}
	EndGlobalSection
EndGlobal
